
Microsoft Visual Studio Solution File, Format Version 12.00
# Visual Studio Version 17
VisualStudioVersion = 17.11.35312.102
MinimumVisualStudioVersion = 10.0.40219.1
Project("{FAE04EC0-301F-11D3-BF4B-00C04F79EFBC}") = "Snake_Kylosov", "Snake_Kylosov\Snake_Kylosov.csproj", "{C8768610-BC8F-47D2-AE48-998A1BD91FFF}"
EndProject
Project("{FAE04EC0-301F-11D3-BF4B-00C04F79EFBC}") = "SnakeWPF_Rusanov", "SnakeWPF_Rusanov\SnakeWPF_Rusanov.csproj", "{0480A764-12CB-448A-A7A9-4F73D53B0B5A}"
EndProject
Project("{FAE04EC0-301F-11D3-BF4B-00C04F79EFBC}") = "Common", "Common\Common.csproj", "{FE24CD3A-68D4-4888-BB39-F32DB15E68D8}"
EndProject
Global
	GlobalSection(SolutionConfigurationPlatforms) = preSolution
		Debug|Any CPU = Debug|Any CPU
		Release|Any CPU = Release|Any CPU
	EndGlobalSection
	GlobalSection(ProjectConfigurationPlatforms) = postSolution
		{C8768610-BC8F-47D2-AE48-998A1BD91FFF}.Debug|Any CPU.ActiveCfg = Debug|Any CPU
		{C8768610-BC8F-47D2-AE48-998A1BD91FFF}.Debug|Any CPU.Build.0 = Debug|Any CPU
		{C8768610-BC8F-47D2-AE48-998A1BD91FFF}.Release|Any CPU.ActiveCfg = Release|Any CPU
		{C8768610-BC8F-47D2-AE48-998A1BD91FFF}.Release|Any CPU.Build.0 = Release|Any CPU
		{0480A764-12CB-448A-A7A9-4F73D53B0B5A}.Debug|Any CPU.ActiveCfg = Debug|Any CPU
		{0480A764-12CB-448A-A7A9-4F73D53B0B5A}.Debug|Any CPU.Build.0 = Debug|Any CPU
		{0480A764-12CB-448A-A7A9-4F73D53B0B5A}.Release|Any CPU.ActiveCfg = Release|Any CPU
		{0480A764-12CB-448A-A7A9-4F73D53B0B5A}.Release|Any CPU.Build.0 = Release|Any CPU
		{FE24CD3A-68D4-4888-BB39-F32DB15E68D8}.Debug|Any CPU.ActiveCfg = Debug|Any CPU
		{FE24CD3A-68D4-4888-BB39-F32DB15E68D8}.Debug|Any CPU.Build.0 = Debug|Any CPU
		{FE24CD3A-68D4-4888-BB39-F32DB15E68D8}.Release|Any CPU.ActiveCfg = Release|Any CPU
		{FE24CD3A-68D4-4888-BB39-F32DB15E68D8}.Release|Any CPU.Build.0 = Release|Any CPU
	EndGlobalSection
	GlobalSection(SolutionProperties) = preSolution
		HideSolutionNode = FALSE
	EndGlobalSection
	GlobalSection(ExtensibilityGlobals) = postSolution
		SolutionGuid = {A72C6A72-17EB-4553-92AE-D893FFCDEC24}
	EndGlobalSection
EndGlobal
